// !$*UTF8*$!
{
	archiveVersion = 1;
	classes = {
	};
	objectVersion = 50;
	objects = {

/* Begin PBXBuildFile section */
		9839BE7620B1F6AC001C6297 /* ItemsTableViewController.swift in Sources */ = {isa = PBXBuildFile; fileRef = 9839BE7520B1F6AC001C6297 /* ItemsTableViewController.swift */; };
		9839BE7820B1F8BE001C6297 /* ItemsTableViewCell.swift in Sources */ = {isa = PBXBuildFile; fileRef = 9839BE7720B1F8BE001C6297 /* ItemsTableViewCell.swift */; };
		9839BE7B20B31375001C6297 /* Login.storyboard in Resources */ = {isa = PBXBuildFile; fileRef = 9839BE7A20B31375001C6297 /* Login.storyboard */; };
		9839BE7D20B3139D001C6297 /* LoginViewController.swift in Sources */ = {isa = PBXBuildFile; fileRef = 9839BE7C20B3139D001C6297 /* LoginViewController.swift */; };
		9839BE7F20B3297C001C6297 /* ItemDetailsViewController.swift in Sources */ = {isa = PBXBuildFile; fileRef = 9839BE7E20B3297C001C6297 /* ItemDetailsViewController.swift */; };
		9839BE8520B5C3DC001C6297 /* UIButton+Designable.swift in Sources */ = {isa = PBXBuildFile; fileRef = 9839BE8420B5C3DC001C6297 /* UIButton+Designable.swift */; };
		9839BE8720B5CCC9001C6297 /* UIView+Designable.swift in Sources */ = {isa = PBXBuildFile; fileRef = 9839BE8620B5CCC9001C6297 /* UIView+Designable.swift */; };
		983F9F8D20AE645D008B8C5A /* HomeViewController.swift in Sources */ = {isa = PBXBuildFile; fileRef = 983F9F8C20AE645D008B8C5A /* HomeViewController.swift */; };
		984058A520B6C24000C7A168 /* OneLinePixel.swift in Sources */ = {isa = PBXBuildFile; fileRef = 984058A420B6C24000C7A168 /* OneLinePixel.swift */; };
		984058A720B8772500C7A168 /* CartViewController.swift in Sources */ = {isa = PBXBuildFile; fileRef = 984058A620B8772500C7A168 /* CartViewController.swift */; };
		984058A920B89A7F00C7A168 /* DeliveryViewController.swift in Sources */ = {isa = PBXBuildFile; fileRef = 984058A820B89A7F00C7A168 /* DeliveryViewController.swift */; };
		984058AD20B9F20600C7A168 /* DeliveryTableViewCell.swift in Sources */ = {isa = PBXBuildFile; fileRef = 984058AC20B9F20600C7A168 /* DeliveryTableViewCell.swift */; };
		984058B220BAAB0400C7A168 /* CartTableViewCell.swift in Sources */ = {isa = PBXBuildFile; fileRef = 984058B120BAAB0400C7A168 /* CartTableViewCell.swift */; };
		984058B420BBE41800C7A168 /* InteractionPanToClose.swift in Sources */ = {isa = PBXBuildFile; fileRef = 984058B320BBE41800C7A168 /* InteractionPanToClose.swift */; };
		984058B620BC774200C7A168 /* GoogleService-Info.plist in Resources */ = {isa = PBXBuildFile; fileRef = 984058B520BC774200C7A168 /* GoogleService-Info.plist */; };
		9844219420DA21DE00B59E51 /* HistoryOrderData.swift in Sources */ = {isa = PBXBuildFile; fileRef = 9844219320DA21DE00B59E51 /* HistoryOrderData.swift */; };
		9844219620DED73500B59E51 /* FormattedTimestamp.swift in Sources */ = {isa = PBXBuildFile; fileRef = 9844219520DED73500B59E51 /* FormattedTimestamp.swift */; };
		984621C720B181A900EB37C0 /* Embed.storyboard in Resources */ = {isa = PBXBuildFile; fileRef = 984621C620B181A900EB37C0 /* Embed.storyboard */; };
		984621C920B187AB00EB37C0 /* TestimonitalViewController.swift in Sources */ = {isa = PBXBuildFile; fileRef = 984621C820B187AB00EB37C0 /* TestimonitalViewController.swift */; };
		984621CF20B188BC00EB37C0 /* TestimonialCollectionViewCell.swift in Sources */ = {isa = PBXBuildFile; fileRef = 984621CE20B188BC00EB37C0 /* TestimonialCollectionViewCell.swift */; };
		98609E5C20B1D98300643203 /* Data.swift in Sources */ = {isa = PBXBuildFile; fileRef = 98609E5B20B1D98300643203 /* Data.swift */; };
		98609E5E20B1DF9200643203 /* ShopViewController.swift in Sources */ = {isa = PBXBuildFile; fileRef = 98609E5D20B1DF9200643203 /* ShopViewController.swift */; };
		988265BA20AD1A2E0015C526 /* AppDelegate.swift in Sources */ = {isa = PBXBuildFile; fileRef = 988265B920AD1A2E0015C526 /* AppDelegate.swift */; };
		988265BF20AD1A2E0015C526 /* Main.storyboard in Resources */ = {isa = PBXBuildFile; fileRef = 988265BD20AD1A2E0015C526 /* Main.storyboard */; };
		988265C120AD1A310015C526 /* Assets.xcassets in Resources */ = {isa = PBXBuildFile; fileRef = 988265C020AD1A310015C526 /* Assets.xcassets */; };
		988265C420AD1A310015C526 /* LaunchScreen.storyboard in Resources */ = {isa = PBXBuildFile; fileRef = 988265C220AD1A310015C526 /* LaunchScreen.storyboard */; };
		9888403920AF7929002CCF29 /* PromotionViewController.swift in Sources */ = {isa = PBXBuildFile; fileRef = 9888403820AF7929002CCF29 /* PromotionViewController.swift */; };
		9888403B20AF7A3E002CCF29 /* PromotionCollectionViewCell.swift in Sources */ = {isa = PBXBuildFile; fileRef = 9888403A20AF7A3E002CCF29 /* PromotionCollectionViewCell.swift */; };
		98E05E9520D2C5A7009AED1A /* UITableView+indexPathForView.swift in Sources */ = {isa = PBXBuildFile; fileRef = 98E05E9420D2C5A7009AED1A /* UITableView+indexPathForView.swift */; };
		98E05E9720D6A9DB009AED1A /* ErrorHandler.swift in Sources */ = {isa = PBXBuildFile; fileRef = 98E05E9620D6A9DB009AED1A /* ErrorHandler.swift */; };
		98E05E9920D77C2C009AED1A /* ProcessingViewController.swift in Sources */ = {isa = PBXBuildFile; fileRef = 98E05E9820D77C2C009AED1A /* ProcessingViewController.swift */; };
		98E05E9B20D8336F009AED1A /* HistoryViewController.swift in Sources */ = {isa = PBXBuildFile; fileRef = 98E05E9A20D8336F009AED1A /* HistoryViewController.swift */; };
		98E05E9D20D8C830009AED1A /* HistoryTableViewCell.swift in Sources */ = {isa = PBXBuildFile; fileRef = 98E05E9C20D8C830009AED1A /* HistoryTableViewCell.swift */; };
		98F0FBF020BE792500F9A1F8 /* DataService.swift in Sources */ = {isa = PBXBuildFile; fileRef = 98F0FBEF20BE792500F9A1F8 /* DataService.swift */; };
		98F0FBF220C1526E00F9A1F8 /* ShopData.swift in Sources */ = {isa = PBXBuildFile; fileRef = 98F0FBF120C1526D00F9A1F8 /* ShopData.swift */; };
		98F0FBF420C4487500F9A1F8 /* ItemListData.swift in Sources */ = {isa = PBXBuildFile; fileRef = 98F0FBF320C4487500F9A1F8 /* ItemListData.swift */; };
		98F60D5720CA10E80074728C /* CartData.swift in Sources */ = {isa = PBXBuildFile; fileRef = 98F60D5620CA10E80074728C /* CartData.swift */; };
		A741A79C9AECA4DFF5101F5D /* Pods_layk_shop.framework in Frameworks */ = {isa = PBXBuildFile; fileRef = A289581D7F4F1246EB16923E /* Pods_layk_shop.framework */; };
/* End PBXBuildFile section */

/* Begin PBXFileReference section */
		3E880A324FE2FF4FD6EBEA8C /* Pods-layk_shop.release.xcconfig */ = {isa = PBXFileReference; includeInIndex = 1; lastKnownFileType = text.xcconfig; name = "Pods-layk_shop.release.xcconfig"; path = "Pods/Target Support Files/Pods-layk_shop/Pods-layk_shop.release.xcconfig"; sourceTree = "<group>"; };
		9839BE7520B1F6AC001C6297 /* ItemsTableViewController.swift */ = {isa = PBXFileReference; lastKnownFileType = sourcecode.swift; path = ItemsTableViewController.swift; sourceTree = "<group>"; };
		9839BE7720B1F8BE001C6297 /* ItemsTableViewCell.swift */ = {isa = PBXFileReference; lastKnownFileType = sourcecode.swift; path = ItemsTableViewCell.swift; sourceTree = "<group>"; };
		9839BE7A20B31375001C6297 /* Login.storyboard */ = {isa = PBXFileReference; lastKnownFileType = file.storyboard; path = Login.storyboard; sourceTree = "<group>"; };
		9839BE7C20B3139D001C6297 /* LoginViewController.swift */ = {isa = PBXFileReference; lastKnownFileType = sourcecode.swift; path = LoginViewController.swift; sourceTree = "<group>"; };
		9839BE7E20B3297C001C6297 /* ItemDetailsViewController.swift */ = {isa = PBXFileReference; lastKnownFileType = sourcecode.swift; path = ItemDetailsViewController.swift; sourceTree = "<group>"; };
		9839BE8420B5C3DC001C6297 /* UIButton+Designable.swift */ = {isa = PBXFileReference; lastKnownFileType = sourcecode.swift; path = "UIButton+Designable.swift"; sourceTree = "<group>"; };
		9839BE8620B5CCC9001C6297 /* UIView+Designable.swift */ = {isa = PBXFileReference; lastKnownFileType = sourcecode.swift; path = "UIView+Designable.swift"; sourceTree = "<group>"; };
		983F9F8C20AE645D008B8C5A /* HomeViewController.swift */ = {isa = PBXFileReference; lastKnownFileType = sourcecode.swift; path = HomeViewController.swift; sourceTree = "<group>"; };
		984058A420B6C24000C7A168 /* OneLinePixel.swift */ = {isa = PBXFileReference; fileEncoding = 4; lastKnownFileType = sourcecode.swift; path = OneLinePixel.swift; sourceTree = "<group>"; };
		984058A620B8772500C7A168 /* CartViewController.swift */ = {isa = PBXFileReference; lastKnownFileType = sourcecode.swift; path = CartViewController.swift; sourceTree = "<group>"; };
		984058A820B89A7F00C7A168 /* DeliveryViewController.swift */ = {isa = PBXFileReference; lastKnownFileType = sourcecode.swift; path = DeliveryViewController.swift; sourceTree = "<group>"; };
		984058AC20B9F20600C7A168 /* DeliveryTableViewCell.swift */ = {isa = PBXFileReference; lastKnownFileType = sourcecode.swift; path = DeliveryTableViewCell.swift; sourceTree = "<group>"; };
		984058B120BAAB0400C7A168 /* CartTableViewCell.swift */ = {isa = PBXFileReference; lastKnownFileType = sourcecode.swift; path = CartTableViewCell.swift; sourceTree = "<group>"; };
		984058B320BBE41800C7A168 /* InteractionPanToClose.swift */ = {isa = PBXFileReference; lastKnownFileType = sourcecode.swift; path = InteractionPanToClose.swift; sourceTree = "<group>"; };
		984058B520BC774200C7A168 /* GoogleService-Info.plist */ = {isa = PBXFileReference; fileEncoding = 4; lastKnownFileType = text.plist.xml; path = "GoogleService-Info.plist"; sourceTree = "<group>"; };
		9844219320DA21DE00B59E51 /* HistoryOrderData.swift */ = {isa = PBXFileReference; lastKnownFileType = sourcecode.swift; path = HistoryOrderData.swift; sourceTree = "<group>"; };
		9844219520DED73500B59E51 /* FormattedTimestamp.swift */ = {isa = PBXFileReference; lastKnownFileType = sourcecode.swift; path = FormattedTimestamp.swift; sourceTree = "<group>"; };
		984621C620B181A900EB37C0 /* Embed.storyboard */ = {isa = PBXFileReference; lastKnownFileType = file.storyboard; path = Embed.storyboard; sourceTree = "<group>"; };
		984621C820B187AB00EB37C0 /* TestimonitalViewController.swift */ = {isa = PBXFileReference; lastKnownFileType = sourcecode.swift; path = TestimonitalViewController.swift; sourceTree = "<group>"; };
		984621CE20B188BC00EB37C0 /* TestimonialCollectionViewCell.swift */ = {isa = PBXFileReference; lastKnownFileType = sourcecode.swift; path = TestimonialCollectionViewCell.swift; sourceTree = "<group>"; };
		98609E5B20B1D98300643203 /* Data.swift */ = {isa = PBXFileReference; lastKnownFileType = sourcecode.swift; path = Data.swift; sourceTree = "<group>"; };
		98609E5D20B1DF9200643203 /* ShopViewController.swift */ = {isa = PBXFileReference; lastKnownFileType = sourcecode.swift; path = ShopViewController.swift; sourceTree = "<group>"; };
		988265B620AD1A2E0015C526 /* layk_shop.app */ = {isa = PBXFileReference; explicitFileType = wrapper.application; includeInIndex = 0; path = layk_shop.app; sourceTree = BUILT_PRODUCTS_DIR; };
		988265B920AD1A2E0015C526 /* AppDelegate.swift */ = {isa = PBXFileReference; lastKnownFileType = sourcecode.swift; path = AppDelegate.swift; sourceTree = "<group>"; };
		988265BE20AD1A2E0015C526 /* Base */ = {isa = PBXFileReference; lastKnownFileType = file.storyboard; name = Base; path = Base.lproj/Main.storyboard; sourceTree = "<group>"; };
		988265C020AD1A310015C526 /* Assets.xcassets */ = {isa = PBXFileReference; lastKnownFileType = folder.assetcatalog; path = Assets.xcassets; sourceTree = "<group>"; };
		988265C320AD1A310015C526 /* Base */ = {isa = PBXFileReference; lastKnownFileType = file.storyboard; name = Base; path = Base.lproj/LaunchScreen.storyboard; sourceTree = "<group>"; };
		988265C520AD1A310015C526 /* Info.plist */ = {isa = PBXFileReference; lastKnownFileType = text.plist.xml; path = Info.plist; sourceTree = "<group>"; };
		9888403820AF7929002CCF29 /* PromotionViewController.swift */ = {isa = PBXFileReference; lastKnownFileType = sourcecode.swift; path = PromotionViewController.swift; sourceTree = "<group>"; };
		9888403A20AF7A3E002CCF29 /* PromotionCollectionViewCell.swift */ = {isa = PBXFileReference; lastKnownFileType = sourcecode.swift; path = PromotionCollectionViewCell.swift; sourceTree = "<group>"; };
		98E05E9420D2C5A7009AED1A /* UITableView+indexPathForView.swift */ = {isa = PBXFileReference; lastKnownFileType = sourcecode.swift; path = "UITableView+indexPathForView.swift"; sourceTree = "<group>"; };
		98E05E9620D6A9DB009AED1A /* ErrorHandler.swift */ = {isa = PBXFileReference; lastKnownFileType = sourcecode.swift; path = ErrorHandler.swift; sourceTree = "<group>"; };
		98E05E9820D77C2C009AED1A /* ProcessingViewController.swift */ = {isa = PBXFileReference; lastKnownFileType = sourcecode.swift; path = ProcessingViewController.swift; sourceTree = "<group>"; };
		98E05E9A20D8336F009AED1A /* HistoryViewController.swift */ = {isa = PBXFileReference; lastKnownFileType = sourcecode.swift; path = HistoryViewController.swift; sourceTree = "<group>"; };
		98E05E9C20D8C830009AED1A /* HistoryTableViewCell.swift */ = {isa = PBXFileReference; lastKnownFileType = sourcecode.swift; path = HistoryTableViewCell.swift; sourceTree = "<group>"; };
		98F0FBEF20BE792500F9A1F8 /* DataService.swift */ = {isa = PBXFileReference; lastKnownFileType = sourcecode.swift; path = DataService.swift; sourceTree = "<group>"; };
		98F0FBF120C1526D00F9A1F8 /* ShopData.swift */ = {isa = PBXFileReference; lastKnownFileType = sourcecode.swift; path = ShopData.swift; sourceTree = "<group>"; };
		98F0FBF320C4487500F9A1F8 /* ItemListData.swift */ = {isa = PBXFileReference; lastKnownFileType = sourcecode.swift; path = ItemListData.swift; sourceTree = "<group>"; };
		98F60D5620CA10E80074728C /* CartData.swift */ = {isa = PBXFileReference; lastKnownFileType = sourcecode.swift; path = CartData.swift; sourceTree = "<group>"; };
		9A02DBF9EB5931BB5F47DECC /* Pods-layk_shop.debug.xcconfig */ = {isa = PBXFileReference; includeInIndex = 1; lastKnownFileType = text.xcconfig; name = "Pods-layk_shop.debug.xcconfig"; path = "Pods/Target Support Files/Pods-layk_shop/Pods-layk_shop.debug.xcconfig"; sourceTree = "<group>"; };
		A289581D7F4F1246EB16923E /* Pods_layk_shop.framework */ = {isa = PBXFileReference; explicitFileType = wrapper.framework; includeInIndex = 0; path = Pods_layk_shop.framework; sourceTree = BUILT_PRODUCTS_DIR; };
/* End PBXFileReference section */

/* Begin PBXFrameworksBuildPhase section */
		988265B320AD1A2E0015C526 /* Frameworks */ = {
			isa = PBXFrameworksBuildPhase;
			buildActionMask = 2147483647;
			files = (
				A741A79C9AECA4DFF5101F5D /* Pods_layk_shop.framework in Frameworks */,
			);
			runOnlyForDeploymentPostprocessing = 0;
		};
/* End PBXFrameworksBuildPhase section */

/* Begin PBXGroup section */
		0C0134CE4558EFD1E6271A99 /* Frameworks */ = {
			isa = PBXGroup;
			children = (
				A289581D7F4F1246EB16923E /* Pods_layk_shop.framework */,
			);
			name = Frameworks;
			sourceTree = "<group>";
		};
		9839BE6E20B1F513001C6297 /* Model */ = {
			isa = PBXGroup;
			children = (
				98609E5B20B1D98300643203 /* Data.swift */,
				98F0FBF120C1526D00F9A1F8 /* ShopData.swift */,
				98F0FBF320C4487500F9A1F8 /* ItemListData.swift */,
				98F60D5620CA10E80074728C /* CartData.swift */,
				9844219320DA21DE00B59E51 /* HistoryOrderData.swift */,
			);
			path = Model;
			sourceTree = "<group>";
		};
		9839BE7920B31358001C6297 /* Login */ = {
			isa = PBXGroup;
			children = (
				9839BE7A20B31375001C6297 /* Login.storyboard */,
				9839BE7C20B3139D001C6297 /* LoginViewController.swift */,
				984058B320BBE41800C7A168 /* InteractionPanToClose.swift */,
			);
			path = Login;
			sourceTree = "<group>";
		};
		9839BE8120B5C33D001C6297 /* Extensions */ = {
			isa = PBXGroup;
			children = (
				9839BE8420B5C3DC001C6297 /* UIButton+Designable.swift */,
				9839BE8620B5CCC9001C6297 /* UIView+Designable.swift */,
				98E05E9420D2C5A7009AED1A /* UITableView+indexPathForView.swift */,
				98E05E9620D6A9DB009AED1A /* ErrorHandler.swift */,
				9844219520DED73500B59E51 /* FormattedTimestamp.swift */,
			);
			path = Extensions;
			sourceTree = "<group>";
		};
		984058AA20B9F1AA00C7A168 /* View */ = {
			isa = PBXGroup;
			children = (
				984058A420B6C24000C7A168 /* OneLinePixel.swift */,
			);
			path = View;
			sourceTree = "<group>";
		};
		984058AB20B9F1B500C7A168 /* Controller */ = {
			isa = PBXGroup;
			children = (
				983F9F8C20AE645D008B8C5A /* HomeViewController.swift */,
				98609E5D20B1DF9200643203 /* ShopViewController.swift */,
				984058A620B8772500C7A168 /* CartViewController.swift */,
				984058A820B89A7F00C7A168 /* DeliveryViewController.swift */,
				98E05E9A20D8336F009AED1A /* HistoryViewController.swift */,
			);
			path = Controller;
			sourceTree = "<group>";
		};
		984058AE20B9F21A00C7A168 /* CustomT TableView Cells */ = {
			isa = PBXGroup;
			children = (
				984058AC20B9F20600C7A168 /* DeliveryTableViewCell.swift */,
				984058B120BAAB0400C7A168 /* CartTableViewCell.swift */,
				98E05E9C20D8C830009AED1A /* HistoryTableViewCell.swift */,
			);
			path = "CustomT TableView Cells";
			sourceTree = "<group>";
		};
		984621C520B1818800EB37C0 /* Embed */ = {
			isa = PBXGroup;
			children = (
				984621C620B181A900EB37C0 /* Embed.storyboard */,
				9888403820AF7929002CCF29 /* PromotionViewController.swift */,
				9888403A20AF7A3E002CCF29 /* PromotionCollectionViewCell.swift */,
				984621C820B187AB00EB37C0 /* TestimonitalViewController.swift */,
				984621CE20B188BC00EB37C0 /* TestimonialCollectionViewCell.swift */,
				9839BE7520B1F6AC001C6297 /* ItemsTableViewController.swift */,
				9839BE7720B1F8BE001C6297 /* ItemsTableViewCell.swift */,
				9839BE7E20B3297C001C6297 /* ItemDetailsViewController.swift */,
				98E05E9820D77C2C009AED1A /* ProcessingViewController.swift */,
			);
			path = Embed;
			sourceTree = "<group>";
		};
		988265AD20AD1A2E0015C526 = {
			isa = PBXGroup;
			children = (
				988265B820AD1A2E0015C526 /* layk_shop */,
				988265B720AD1A2E0015C526 /* Products */,
				9EBA1B57E0CD46FC1938021D /* Pods */,
				0C0134CE4558EFD1E6271A99 /* Frameworks */,
			);
			sourceTree = "<group>";
		};
		988265B720AD1A2E0015C526 /* Products */ = {
			isa = PBXGroup;
			children = (
				988265B620AD1A2E0015C526 /* layk_shop.app */,
			);
			name = Products;
			sourceTree = "<group>";
		};
		988265B820AD1A2E0015C526 /* layk_shop */ = {
			isa = PBXGroup;
			children = (
				988265C520AD1A310015C526 /* Info.plist */,
				984058B520BC774200C7A168 /* GoogleService-Info.plist */,
				9839BE6E20B1F513001C6297 /* Model */,
				984058AA20B9F1AA00C7A168 /* View */,
				984058AB20B9F1B500C7A168 /* Controller */,
				984058AE20B9F21A00C7A168 /* CustomT TableView Cells */,
				984621C520B1818800EB37C0 /* Embed */,
				9839BE7920B31358001C6297 /* Login */,
				988265BD20AD1A2E0015C526 /* Main.storyboard */,
				9839BE8120B5C33D001C6297 /* Extensions */,
				98F0FBEE20BE77BA00F9A1F8 /* Services */,
				988265CB20AD20280015C526 /* Supporting Files */,
			);
			path = layk_shop;
			sourceTree = "<group>";
		};
		988265CB20AD20280015C526 /* Supporting Files */ = {
			isa = PBXGroup;
			children = (
				988265B920AD1A2E0015C526 /* AppDelegate.swift */,
				988265C220AD1A310015C526 /* LaunchScreen.storyboard */,
				988265C020AD1A310015C526 /* Assets.xcassets */,
			);
			path = "Supporting Files";
			sourceTree = "<group>";
		};
		98F0FBEE20BE77BA00F9A1F8 /* Services */ = {
			isa = PBXGroup;
			children = (
				98F0FBEF20BE792500F9A1F8 /* DataService.swift */,
			);
			path = Services;
			sourceTree = "<group>";
		};
		9EBA1B57E0CD46FC1938021D /* Pods */ = {
			isa = PBXGroup;
			children = (
				9A02DBF9EB5931BB5F47DECC /* Pods-layk_shop.debug.xcconfig */,
				3E880A324FE2FF4FD6EBEA8C /* Pods-layk_shop.release.xcconfig */,
			);
			name = Pods;
			sourceTree = "<group>";
		};
/* End PBXGroup section */

/* Begin PBXNativeTarget section */
		988265B520AD1A2E0015C526 /* layk_shop */ = {
			isa = PBXNativeTarget;
			buildConfigurationList = 988265C820AD1A310015C526 /* Build configuration list for PBXNativeTarget "layk_shop" */;
			buildPhases = (
				E7F221A691A335CE1BF2921A /* [CP] Check Pods Manifest.lock */,
				988265B220AD1A2E0015C526 /* Sources */,
				988265B320AD1A2E0015C526 /* Frameworks */,
				988265B420AD1A2E0015C526 /* Resources */,
				2DEF4DCA31C112FC17F07852 /* [CP] Embed Pods Frameworks */,
				64D23D0456AE3791CC6E3AFC /* [CP] Copy Pods Resources */,
			);
			buildRules = (
			);
			dependencies = (
			);
			name = layk_shop;
			productName = layk_shop;
			productReference = 988265B620AD1A2E0015C526 /* layk_shop.app */;
			productType = "com.apple.product-type.application";
		};
/* End PBXNativeTarget section */

/* Begin PBXProject section */
		988265AE20AD1A2E0015C526 /* Project object */ = {
			isa = PBXProject;
			attributes = {
				LastSwiftUpdateCheck = 0930;
				LastUpgradeCheck = 0930;
				ORGANIZATIONNAME = "Tigran Ambarcumyan";
				TargetAttributes = {
					988265B520AD1A2E0015C526 = {
						CreatedOnToolsVersion = 9.3.1;
					};
				};
			};
			buildConfigurationList = 988265B120AD1A2E0015C526 /* Build configuration list for PBXProject "layk_shop" */;
			compatibilityVersion = "Xcode 9.3";
			developmentRegion = en;
			hasScannedForEncodings = 0;
			knownRegions = (
				en,
				Base,
			);
			mainGroup = 988265AD20AD1A2E0015C526;
			productRefGroup = 988265B720AD1A2E0015C526 /* Products */;
			projectDirPath = "";
			projectRoot = "";
			targets = (
				988265B520AD1A2E0015C526 /* layk_shop */,
			);
		};
/* End PBXProject section */

/* Begin PBXResourcesBuildPhase section */
		988265B420AD1A2E0015C526 /* Resources */ = {
			isa = PBXResourcesBuildPhase;
			buildActionMask = 2147483647;
			files = (
				984621C720B181A900EB37C0 /* Embed.storyboard in Resources */,
				988265C420AD1A310015C526 /* LaunchScreen.storyboard in Resources */,
				988265C120AD1A310015C526 /* Assets.xcassets in Resources */,
				9839BE7B20B31375001C6297 /* Login.storyboard in Resources */,
				988265BF20AD1A2E0015C526 /* Main.storyboard in Resources */,
				984058B620BC774200C7A168 /* GoogleService-Info.plist in Resources */,
			);
			runOnlyForDeploymentPostprocessing = 0;
		};
/* End PBXResourcesBuildPhase section */

/* Begin PBXShellScriptBuildPhase section */
		2DEF4DCA31C112FC17F07852 /* [CP] Embed Pods Frameworks */ = {
			isa = PBXShellScriptBuildPhase;
			buildActionMask = 2147483647;
			files = (
			);
			inputPaths = (
				"${SRCROOT}/Pods/Target Support Files/Pods-layk_shop/Pods-layk_shop-frameworks.sh",
				"${BUILT_PRODUCTS_DIR}/BoringSSL/openssl.framework",
				"${BUILT_PRODUCTS_DIR}/GTMSessionFetcher/GTMSessionFetcher.framework",
				"${BUILT_PRODUCTS_DIR}/GoogleToolboxForMac/GoogleToolboxForMac.framework",
				"${BUILT_PRODUCTS_DIR}/Protobuf/Protobuf.framework",
				"${BUILT_PRODUCTS_DIR}/SDWebImage/SDWebImage.framework",
				"${BUILT_PRODUCTS_DIR}/gRPC/GRPCClient.framework",
				"${BUILT_PRODUCTS_DIR}/gRPC-Core/grpc.framework",
				"${BUILT_PRODUCTS_DIR}/gRPC-ProtoRPC/ProtoRPC.framework",
				"${BUILT_PRODUCTS_DIR}/gRPC-RxLibrary/RxLibrary.framework",
				"${BUILT_PRODUCTS_DIR}/leveldb-library/leveldb.framework",
				"${BUILT_PRODUCTS_DIR}/nanopb/nanopb.framework",
			);
			name = "[CP] Embed Pods Frameworks";
			outputPaths = (
				"${TARGET_BUILD_DIR}/${FRAMEWORKS_FOLDER_PATH}/openssl.framework",
				"${TARGET_BUILD_DIR}/${FRAMEWORKS_FOLDER_PATH}/GTMSessionFetcher.framework",
				"${TARGET_BUILD_DIR}/${FRAMEWORKS_FOLDER_PATH}/GoogleToolboxForMac.framework",
				"${TARGET_BUILD_DIR}/${FRAMEWORKS_FOLDER_PATH}/Protobuf.framework",
				"${TARGET_BUILD_DIR}/${FRAMEWORKS_FOLDER_PATH}/SDWebImage.framework",
				"${TARGET_BUILD_DIR}/${FRAMEWORKS_FOLDER_PATH}/GRPCClient.framework",
				"${TARGET_BUILD_DIR}/${FRAMEWORKS_FOLDER_PATH}/grpc.framework",
				"${TARGET_BUILD_DIR}/${FRAMEWORKS_FOLDER_PATH}/ProtoRPC.framework",
				"${TARGET_BUILD_DIR}/${FRAMEWORKS_FOLDER_PATH}/RxLibrary.framework",
				"${TARGET_BUILD_DIR}/${FRAMEWORKS_FOLDER_PATH}/leveldb.framework",
				"${TARGET_BUILD_DIR}/${FRAMEWORKS_FOLDER_PATH}/nanopb.framework",
			);
			runOnlyForDeploymentPostprocessing = 0;
			shellPath = /bin/sh;
			shellScript = "\"${SRCROOT}/Pods/Target Support Files/Pods-layk_shop/Pods-layk_shop-frameworks.sh\"\n";
			showEnvVarsInLog = 0;
		};
		64D23D0456AE3791CC6E3AFC /* [CP] Copy Pods Resources */ = {
			isa = PBXShellScriptBuildPhase;
			buildActionMask = 2147483647;
			files = (
			);
			inputPaths = (
			);
			name = "[CP] Copy Pods Resources";
			outputPaths = (
			);
			runOnlyForDeploymentPostprocessing = 0;
			shellPath = /bin/sh;
			shellScript = "\"${SRCROOT}/Pods/Target Support Files/Pods-layk_shop/Pods-layk_shop-resources.sh\"\n";
			showEnvVarsInLog = 0;
		};
		E7F221A691A335CE1BF2921A /* [CP] Check Pods Manifest.lock */ = {
			isa = PBXShellScriptBuildPhase;
			buildActionMask = 2147483647;
			files = (
			);
			inputPaths = (
				"${PODS_PODFILE_DIR_PATH}/Podfile.lock",
				"${PODS_ROOT}/Manifest.lock",
			);
			name = "[CP] Check Pods Manifest.lock";
			outputPaths = (
				"$(DERIVED_FILE_DIR)/Pods-layk_shop-checkManifestLockResult.txt",
			);
			runOnlyForDeploymentPostprocessing = 0;
			shellPath = /bin/sh;
			shellScript = "diff \"${PODS_PODFILE_DIR_PATH}/Podfile.lock\" \"${PODS_ROOT}/Manifest.lock\" > /dev/null\nif [ $? != 0 ] ; then\n    # print error to STDERR\n    echo \"error: The sandbox is not in sync with the Podfile.lock. Run 'pod install' or update your CocoaPods installation.\" >&2\n    exit 1\nfi\n# This output is used by Xcode 'outputs' to avoid re-running this script phase.\necho \"SUCCESS\" > \"${SCRIPT_OUTPUT_FILE_0}\"\n";
			showEnvVarsInLog = 0;
		};
/* End PBXShellScriptBuildPhase section */

/* Begin PBXSourcesBuildPhase section */
		988265B220AD1A2E0015C526 /* Sources */ = {
			isa = PBXSourcesBuildPhase;
			buildActionMask = 2147483647;
			files = (
				9839BE7820B1F8BE001C6297 /* ItemsTableViewCell.swift in Sources */,
				98609E5C20B1D98300643203 /* Data.swift in Sources */,
				9839BE7F20B3297C001C6297 /* ItemDetailsViewController.swift in Sources */,
				9839BE8520B5C3DC001C6297 /* UIButton+Designable.swift in Sources */,
				984058B420BBE41800C7A168 /* InteractionPanToClose.swift in Sources */,
				98E05E9720D6A9DB009AED1A /* ErrorHandler.swift in Sources */,
				98F0FBF020BE792500F9A1F8 /* DataService.swift in Sources */,
				98E05E9D20D8C830009AED1A /* HistoryTableViewCell.swift in Sources */,
				988265BA20AD1A2E0015C526 /* AppDelegate.swift in Sources */,
				984058AD20B9F20600C7A168 /* DeliveryTableViewCell.swift in Sources */,
				984058A520B6C24000C7A168 /* OneLinePixel.swift in Sources */,
				984058B220BAAB0400C7A168 /* CartTableViewCell.swift in Sources */,
				9888403920AF7929002CCF29 /* PromotionViewController.swift in Sources */,
				984621CF20B188BC00EB37C0 /* TestimonialCollectionViewCell.swift in Sources */,
				98609E5E20B1DF9200643203 /* ShopViewController.swift in Sources */,
				984058A920B89A7F00C7A168 /* DeliveryViewController.swift in Sources */,
				9839BE8720B5CCC9001C6297 /* UIView+Designable.swift in Sources */,
				9839BE7620B1F6AC001C6297 /* ItemsTableViewController.swift in Sources */,
				98F0FBF220C1526E00F9A1F8 /* ShopData.swift in Sources */,
				9844219420DA21DE00B59E51 /* HistoryOrderData.swift in Sources */,
				98E05E9920D77C2C009AED1A /* ProcessingViewController.swift in Sources */,
				98E05E9B20D8336F009AED1A /* HistoryViewController.swift in Sources */,
				9844219620DED73500B59E51 /* FormattedTimestamp.swift in Sources */,
				9888403B20AF7A3E002CCF29 /* PromotionCollectionViewCell.swift in Sources */,
				98F0FBF420C4487500F9A1F8 /* ItemListData.swift in Sources */,
				984058A720B8772500C7A168 /* CartViewController.swift in Sources */,
				983F9F8D20AE645D008B8C5A /* HomeViewController.swift in Sources */,
				98F60D5720CA10E80074728C /* CartData.swift in Sources */,
				984621C920B187AB00EB37C0 /* TestimonitalViewController.swift in Sources */,
				98E05E9520D2C5A7009AED1A /* UITableView+indexPathForView.swift in Sources */,
				9839BE7D20B3139D001C6297 /* LoginViewController.swift in Sources */,
			);
			runOnlyForDeploymentPostprocessing = 0;
		};
/* End PBXSourcesBuildPhase section */

/* Begin PBXVariantGroup section */
		988265BD20AD1A2E0015C526 /* Main.storyboard */ = {
			isa = PBXVariantGroup;
			children = (
				988265BE20AD1A2E0015C526 /* Base */,
			);
			name = Main.storyboard;
			sourceTree = "<group>";
		};
		988265C220AD1A310015C526 /* LaunchScreen.storyboard */ = {
			isa = PBXVariantGroup;
			children = (
				988265C320AD1A310015C526 /* Base */,
			);
			name = LaunchScreen.storyboard;
			sourceTree = "<group>";
		};
/* End PBXVariantGroup section */

/* Begin XCBuildConfiguration section */
		988265C620AD1A310015C526 /* Debug */ = {
			isa = XCBuildConfiguration;
			buildSettings = {
				ALWAYS_SEARCH_USER_PATHS = NO;
				CLANG_ANALYZER_NONNULL = YES;
				CLANG_ANALYZER_NUMBER_OBJECT_CONVERSION = YES_AGGRESSIVE;
				CLANG_CXX_LANGUAGE_STANDARD = "gnu++14";
				CLANG_CXX_LIBRARY = "libc++";
				CLANG_ENABLE_MODULES = YES;
				CLANG_ENABLE_OBJC_ARC = YES;
				CLANG_ENABLE_OBJC_WEAK = YES;
				CLANG_WARN_BLOCK_CAPTURE_AUTORELEASING = YES;
				CLANG_WARN_BOOL_CONVERSION = YES;
				CLANG_WARN_COMMA = YES;
				CLANG_WARN_CONSTANT_CONVERSION = YES;
				CLANG_WARN_DEPRECATED_OBJC_IMPLEMENTATIONS = YES;
				CLANG_WARN_DIRECT_OBJC_ISA_USAGE = YES_ERROR;
				CLANG_WARN_DOCUMENTATION_COMMENTS = YES;
				CLANG_WARN_EMPTY_BODY = YES;
				CLANG_WARN_ENUM_CONVERSION = YES;
				CLANG_WARN_INFINITE_RECURSION = YES;
				CLANG_WARN_INT_CONVERSION = YES;
				CLANG_WARN_NON_LITERAL_NULL_CONVERSION = YES;
				CLANG_WARN_OBJC_IMPLICIT_RETAIN_SELF = YES;
				CLANG_WARN_OBJC_LITERAL_CONVERSION = YES;
				CLANG_WARN_OBJC_ROOT_CLASS = YES_ERROR;
				CLANG_WARN_RANGE_LOOP_ANALYSIS = YES;
				CLANG_WARN_STRICT_PROTOTYPES = YES;
				CLANG_WARN_SUSPICIOUS_MOVE = YES;
				CLANG_WARN_UNGUARDED_AVAILABILITY = YES_AGGRESSIVE;
				CLANG_WARN_UNREACHABLE_CODE = YES;
				CLANG_WARN__DUPLICATE_METHOD_MATCH = YES;
				CODE_SIGN_IDENTITY = "iPhone Developer";
				COPY_PHASE_STRIP = NO;
				DEBUG_INFORMATION_FORMAT = dwarf;
				ENABLE_STRICT_OBJC_MSGSEND = YES;
				ENABLE_TESTABILITY = YES;
				GCC_C_LANGUAGE_STANDARD = gnu11;
				GCC_DYNAMIC_NO_PIC = NO;
				GCC_NO_COMMON_BLOCKS = YES;
				GCC_OPTIMIZATION_LEVEL = 0;
				GCC_PREPROCESSOR_DEFINITIONS = (
					"DEBUG=1",
					"$(inherited)",
				);
				GCC_WARN_64_TO_32_BIT_CONVERSION = YES;
				GCC_WARN_ABOUT_RETURN_TYPE = YES_ERROR;
				GCC_WARN_UNDECLARED_SELECTOR = YES;
				GCC_WARN_UNINITIALIZED_AUTOS = YES_AGGRESSIVE;
				GCC_WARN_UNUSED_FUNCTION = YES;
				GCC_WARN_UNUSED_VARIABLE = YES;
				IPHONEOS_DEPLOYMENT_TARGET = 11.3;
				MTL_ENABLE_DEBUG_INFO = YES;
				ONLY_ACTIVE_ARCH = YES;
				SDKROOT = iphoneos;
				SWIFT_ACTIVE_COMPILATION_CONDITIONS = DEBUG;
				SWIFT_OPTIMIZATION_LEVEL = "-Onone";
			};
			name = Debug;
		};
		988265C720AD1A310015C526 /* Release */ = {
			isa = XCBuildConfiguration;
			buildSettings = {
				ALWAYS_SEARCH_USER_PATHS = NO;
				CLANG_ANALYZER_NONNULL = YES;
				CLANG_ANALYZER_NUMBER_OBJECT_CONVERSION = YES_AGGRESSIVE;
				CLANG_CXX_LANGUAGE_STANDARD = "gnu++14";
				CLANG_CXX_LIBRARY = "libc++";
				CLANG_ENABLE_MODULES = YES;
				CLANG_ENABLE_OBJC_ARC = YES;
				CLANG_ENABLE_OBJC_WEAK = YES;
				CLANG_WARN_BLOCK_CAPTURE_AUTORELEASING = YES;
				CLANG_WARN_BOOL_CONVERSION = YES;
				CLANG_WARN_COMMA = YES;
				CLANG_WARN_CONSTANT_CONVERSION = YES;
				CLANG_WARN_DEPRECATED_OBJC_IMPLEMENTATIONS = YES;
				CLANG_WARN_DIRECT_OBJC_ISA_USAGE = YES_ERROR;
				CLANG_WARN_DOCUMENTATION_COMMENTS = YES;
				CLANG_WARN_EMPTY_BODY = YES;
				CLANG_WARN_ENUM_CONVERSION = YES;
				CLANG_WARN_INFINITE_RECURSION = YES;
				CLANG_WARN_INT_CONVERSION = YES;
				CLANG_WARN_NON_LITERAL_NULL_CONVERSION = YES;
				CLANG_WARN_OBJC_IMPLICIT_RETAIN_SELF = YES;
				CLANG_WARN_OBJC_LITERAL_CONVERSION = YES;
				CLANG_WARN_OBJC_ROOT_CLASS = YES_ERROR;
				CLANG_WARN_RANGE_LOOP_ANALYSIS = YES;
				CLANG_WARN_STRICT_PROTOTYPES = YES;
				CLANG_WARN_SUSPICIOUS_MOVE = YES;
				CLANG_WARN_UNGUARDED_AVAILABILITY = YES_AGGRESSIVE;
				CLANG_WARN_UNREACHABLE_CODE = YES;
				CLANG_WARN__DUPLICATE_METHOD_MATCH = YES;
				CODE_SIGN_IDENTITY = "iPhone Developer";
				COPY_PHASE_STRIP = NO;
				DEBUG_INFORMATION_FORMAT = "dwarf-with-dsym";
				ENABLE_NS_ASSERTIONS = NO;
				ENABLE_STRICT_OBJC_MSGSEND = YES;
				GCC_C_LANGUAGE_STANDARD = gnu11;
				GCC_NO_COMMON_BLOCKS = YES;
				GCC_WARN_64_TO_32_BIT_CONVERSION = YES;
				GCC_WARN_ABOUT_RETURN_TYPE = YES_ERROR;
				GCC_WARN_UNDECLARED_SELECTOR = YES;
				GCC_WARN_UNINITIALIZED_AUTOS = YES_AGGRESSIVE;
				GCC_WARN_UNUSED_FUNCTION = YES;
				GCC_WARN_UNUSED_VARIABLE = YES;
				IPHONEOS_DEPLOYMENT_TARGET = 11.3;
				MTL_ENABLE_DEBUG_INFO = NO;
				SDKROOT = iphoneos;
				SWIFT_COMPILATION_MODE = wholemodule;
				SWIFT_OPTIMIZATION_LEVEL = "-O";
				VALIDATE_PRODUCT = YES;
			};
			name = Release;
		};
		988265C920AD1A310015C526 /* Debug */ = {
			isa = XCBuildConfiguration;
			baseConfigurationReference = 9A02DBF9EB5931BB5F47DECC /* Pods-layk_shop.debug.xcconfig */;
			buildSettings = {
				ASSETCATALOG_COMPILER_APPICON_NAME = AppIcon;
				CODE_SIGN_STYLE = Automatic;
				DEVELOPMENT_TEAM = K4UYWHYRPE;
				INFOPLIST_FILE = layk_shop/Info.plist;
				LD_RUNPATH_SEARCH_PATHS = (
					"$(inherited)",
					"@executable_path/Frameworks",
				);
				PRODUCT_BUNDLE_IDENTIFIER = "tambarcumyan.layk-shop";
				PRODUCT_NAME = "$(TARGET_NAME)";
				SWIFT_VERSION = 4.0;
				TARGETED_DEVICE_FAMILY = "1,2";
			};
			name = Debug;
		};
		988265CA20AD1A310015C526 /* Release */ = {
			isa = XCBuildConfiguration;
			baseConfigurationReference = 3E880A324FE2FF4FD6EBEA8C /* Pods-layk_shop.release.xcconfig */;
			buildSettings = {
				ASSETCATALOG_COMPILER_APPICON_NAME = AppIcon;
				CODE_SIGN_STYLE = Automatic;
				DEVELOPMENT_TEAM = K4UYWHYRPE;
				INFOPLIST_FILE = layk_shop/Info.plist;
				LD_RUNPATH_SEARCH_PATHS = (
					"$(inherited)",
					"@executable_path/Frameworks",
				);
				PRODUCT_BUNDLE_IDENTIFIER = "tambarcumyan.layk-shop";
				PRODUCT_NAME = "$(TARGET_NAME)";
				SWIFT_VERSION = 4.0;
				TARGETED_DEVICE_FAMILY = "1,2";
			};
			name = Release;
		};
/* End XCBuildConfiguration section */

/* Begin XCConfigurationList section */
		988265B120AD1A2E0015C526 /* Build configuration list for PBXProject "layk_shop" */ = {
			isa = XCConfigurationList;
			buildConfigurations = (
				988265C620AD1A310015C526 /* Debug */,
				988265C720AD1A310015C526 /* Release */,
			);
			defaultConfigurationIsVisible = 0;
			defaultConfigurationName = Release;
		};
		988265C820AD1A310015C526 /* Build configuration list for PBXNativeTarget "layk_shop" */ = {
			isa = XCConfigurationList;
			buildConfigurations = (
				988265C920AD1A310015C526 /* Debug */,
				988265CA20AD1A310015C526 /* Release */,
			);
			defaultConfigurationIsVisible = 0;
			defaultConfigurationName = Release;
		};
/* End XCConfigurationList section */
	};
	rootObject = 988265AE20AD1A2E0015C526 /* Project object */;
}
